
Microsoft Visual Studio Solution File, Format Version 10.00
# Visual Studio 2008
Project("{002A2DE9-8BB6-484D-9802-7E4AD4084715}") = "DGui", "DGui.visualdproj", "{89B477C8-A787-433E-9239-E370988D4EEF}"
EndProject
Global
	GlobalSection(SolutionConfigurationPlatforms) = preSolution
		Debug|Win32 = Debug|Win32
		Release|Win32 = Release|Win32
	EndGlobalSection
	GlobalSection(ProjectConfigurationPlatforms) = postSolution
		{89B477C8-A787-433E-9239-E370988D4EEF}.Debug|Win32.ActiveCfg = Debug|Win32
		{89B477C8-A787-433E-9239-E370988D4EEF}.Debug|Win32.Build.0 = Debug|Win32
		{89B477C8-A787-433E-9239-E370988D4EEF}.Release|Win32.ActiveCfg = Release|Win32
		{89B477C8-A787-433E-9239-E370988D4EEF}.Release|Win32.Build.0 = Release|Win32
	EndGlobalSection
	GlobalSection(SolutionProperties) = preSolution
		HideSolutionNode = FALSE
	EndGlobalSection
EndGlobal
